---
version: 2
sources:
  - name: out.c-adblock
    freshness:
      warn_after:
        count: 1
        period: day
    database: '{{ env_var("DBT_KBC_DEV_DATABASE") }}'
    schema: out.c-adblock
    loaded_at_field: '"_timestamp"'
    tables:
      - name: adblock_sjednoceny
        quoting:
          database: true
          schema: true
          identifier: true
        columns: []
      - name: final_report_premiovy_produkt
        quoting:
          database: true
          schema: true
          identifier: true
        columns: []
